
Microsoft Visual Studio Solution File, Format Version 12.00
# Visual Studio 15
VisualStudioVersion = 15.0.28010.2016
MinimumVisualStudioVersion = 10.0.40219.1
Project("{9A19103F-16F7-4668-BE54-9A1E7A4F7556}") = "Testinho.Console", "Testinho.Console\Testinho.Console.csproj", "{A90911CB-51FB-4BC8-A57F-8CD154D476A2}"
EndProject
Project("{2150E333-8FDC-42A3-9474-1A3956D46DE8}") = "Solution Items", "Solution Items", "{8BFDDDB6-7C50-4794-9772-61C55A503C13}"
	ProjectSection(SolutionItems) = preProject
		CHANGELOG.md = CHANGELOG.md
		README.md = README.md
	EndProjectSection
EndProject
Global
	GlobalSection(SolutionConfigurationPlatforms) = preSolution
		Debug|Any CPU = Debug|Any CPU
		Release|Any CPU = Release|Any CPU
	EndGlobalSection
	GlobalSection(ProjectConfigurationPlatforms) = postSolution
		{A90911CB-51FB-4BC8-A57F-8CD154D476A2}.Debug|Any CPU.ActiveCfg = Debug|Any CPU
		{A90911CB-51FB-4BC8-A57F-8CD154D476A2}.Debug|Any CPU.Build.0 = Debug|Any CPU
		{A90911CB-51FB-4BC8-A57F-8CD154D476A2}.Release|Any CPU.ActiveCfg = Release|Any CPU
		{A90911CB-51FB-4BC8-A57F-8CD154D476A2}.Release|Any CPU.Build.0 = Release|Any CPU
	EndGlobalSection
	GlobalSection(SolutionProperties) = preSolution
		HideSolutionNode = FALSE
	EndGlobalSection
	GlobalSection(ExtensibilityGlobals) = postSolution
		SolutionGuid = {82BA3F65-DBCF-4938-96FC-F1A3EA8E9A58}
	EndGlobalSection
EndGlobal
